
Microsoft Visual Studio Solution File, Format Version 12.00
# Visual Studio Version 17
VisualStudioVersion = 17.10.35027.167
MinimumVisualStudioVersion = 10.0.40219.1
Project("{8BC9CEB8-8B4A-11D0-8D11-00A0C91BC942}") = "OpenGLEngine", "OpenGLEngine.vcxproj", "{B33A5E1A-551C-4229-B781-D3520618A652}"
EndProject
Global
	GlobalSection(SolutionConfigurationPlatforms) = preSolution
		Debug|x64 = Debug|x64
		Debug|x86 = Debug|x86
		DebugOptimise|x64 = DebugOptimise|x64
		DebugOptimise|x86 = DebugOptimise|x86
		ReleaseOptimise|x64 = ReleaseOptimise|x64
		ReleaseOptimise|x86 = ReleaseOptimise|x86
	EndGlobalSection
	GlobalSection(ProjectConfigurationPlatforms) = postSolution
		{B33A5E1A-551C-4229-B781-D3520618A652}.Debug|x64.ActiveCfg = Debug|x64
		{B33A5E1A-551C-4229-B781-D3520618A652}.Debug|x64.Build.0 = Debug|x64
		{B33A5E1A-551C-4229-B781-D3520618A652}.Debug|x86.ActiveCfg = Debug|Win32
		{B33A5E1A-551C-4229-B781-D3520618A652}.Debug|x86.Build.0 = Debug|Win32
		{B33A5E1A-551C-4229-B781-D3520618A652}.DebugOptimise|x64.ActiveCfg = DebugOptimise|x64
		{B33A5E1A-551C-4229-B781-D3520618A652}.DebugOptimise|x64.Build.0 = DebugOptimise|x64
		{B33A5E1A-551C-4229-B781-D3520618A652}.DebugOptimise|x86.ActiveCfg = DebugOptimise|Win32
		{B33A5E1A-551C-4229-B781-D3520618A652}.DebugOptimise|x86.Build.0 = DebugOptimise|Win32
		{B33A5E1A-551C-4229-B781-D3520618A652}.ReleaseOptimise|x64.ActiveCfg = ReleaseOptimise|x64
		{B33A5E1A-551C-4229-B781-D3520618A652}.ReleaseOptimise|x64.Build.0 = ReleaseOptimise|x64
		{B33A5E1A-551C-4229-B781-D3520618A652}.ReleaseOptimise|x86.ActiveCfg = ReleaseOptimise|Win32
		{B33A5E1A-551C-4229-B781-D3520618A652}.ReleaseOptimise|x86.Build.0 = ReleaseOptimise|Win32
	EndGlobalSection
	GlobalSection(SolutionProperties) = preSolution
		HideSolutionNode = FALSE
	EndGlobalSection
	GlobalSection(ExtensibilityGlobals) = postSolution
		SolutionGuid = {6822FEBC-1385-45A7-AA5F-B3589EB7307A}
	EndGlobalSection
EndGlobal
